
Microsoft Visual Studio Solution File, Format Version 12.00
# Visual Studio Version 16
VisualStudioVersion = 16.0.29911.84
MinimumVisualStudioVersion = 10.0.40219.1
Project("{FAE04EC0-301F-11D3-BF4B-00C04F79EFBC}") = "Test", "Test\Test.csproj", "{5E3545E0-2664-431E-BD88-CC8948732CA5}"
EndProject
Global
	GlobalSection(SolutionConfigurationPlatforms) = preSolution
		Debug|Any CPU = Debug|Any CPU
		Release|Any CPU = Release|Any CPU
	EndGlobalSection
	GlobalSection(ProjectConfigurationPlatforms) = postSolution
		{5E3545E0-2664-431E-BD88-CC8948732CA5}.Debug|Any CPU.ActiveCfg = Debug|Any CPU
		{5E3545E0-2664-431E-BD88-CC8948732CA5}.Debug|Any CPU.Build.0 = Debug|Any CPU
		{5E3545E0-2664-431E-BD88-CC8948732CA5}.Release|Any CPU.ActiveCfg = Release|Any CPU
		{5E3545E0-2664-431E-BD88-CC8948732CA5}.Release|Any CPU.Build.0 = Release|Any CPU
	EndGlobalSection
	GlobalSection(SolutionProperties) = preSolution
		HideSolutionNode = FALSE
	EndGlobalSection
	GlobalSection(ExtensibilityGlobals) = postSolution
		SolutionGuid = {A5788745-5D27-4E1D-8C73-3EE5F3CF967E}
	EndGlobalSection
EndGlobal
